
Microsoft Visual Studio Solution File, Format Version 12.00
# Visual Studio Version 16
VisualStudioVersion = 16.0.31702.278
MinimumVisualStudioVersion = 10.0.40219.1
Project("{8BC9CEB8-8B4A-11D0-8D11-00A0C91BC942}") = "lab5_4", "lab5_4.vcxproj", "{06EA2530-98DA-43D6-B1F0-9AB5F5D9676E}"
EndProject
Project("{8BC9CEB8-8B4A-11D0-8D11-00A0C91BC942}") = "unit5_4", "..\unit5_4\unit5_4.vcxproj", "{0A916A92-4AEB-452F-82E5-34B3CC606E35}"
EndProject
Global
	GlobalSection(SolutionConfigurationPlatforms) = preSolution
		Debug|x64 = Debug|x64
		Debug|x86 = Debug|x86
		Release|x64 = Release|x64
		Release|x86 = Release|x86
	EndGlobalSection
	GlobalSection(ProjectConfigurationPlatforms) = postSolution
		{06EA2530-98DA-43D6-B1F0-9AB5F5D9676E}.Debug|x64.ActiveCfg = Debug|x64
		{06EA2530-98DA-43D6-B1F0-9AB5F5D9676E}.Debug|x64.Build.0 = Debug|x64
		{06EA2530-98DA-43D6-B1F0-9AB5F5D9676E}.Debug|x86.ActiveCfg = Debug|Win32
		{06EA2530-98DA-43D6-B1F0-9AB5F5D9676E}.Debug|x86.Build.0 = Debug|Win32
		{06EA2530-98DA-43D6-B1F0-9AB5F5D9676E}.Release|x64.ActiveCfg = Release|x64
		{06EA2530-98DA-43D6-B1F0-9AB5F5D9676E}.Release|x64.Build.0 = Release|x64
		{06EA2530-98DA-43D6-B1F0-9AB5F5D9676E}.Release|x86.ActiveCfg = Release|Win32
		{06EA2530-98DA-43D6-B1F0-9AB5F5D9676E}.Release|x86.Build.0 = Release|Win32
		{0A916A92-4AEB-452F-82E5-34B3CC606E35}.Debug|x64.ActiveCfg = Debug|x64
		{0A916A92-4AEB-452F-82E5-34B3CC606E35}.Debug|x64.Build.0 = Debug|x64
		{0A916A92-4AEB-452F-82E5-34B3CC606E35}.Debug|x86.ActiveCfg = Debug|Win32
		{0A916A92-4AEB-452F-82E5-34B3CC606E35}.Debug|x86.Build.0 = Debug|Win32
		{0A916A92-4AEB-452F-82E5-34B3CC606E35}.Release|x64.ActiveCfg = Release|x64
		{0A916A92-4AEB-452F-82E5-34B3CC606E35}.Release|x64.Build.0 = Release|x64
		{0A916A92-4AEB-452F-82E5-34B3CC606E35}.Release|x86.ActiveCfg = Release|Win32
		{0A916A92-4AEB-452F-82E5-34B3CC606E35}.Release|x86.Build.0 = Release|Win32
	EndGlobalSection
	GlobalSection(SolutionProperties) = preSolution
		HideSolutionNode = FALSE
	EndGlobalSection
	GlobalSection(ExtensibilityGlobals) = postSolution
		SolutionGuid = {E5D666D5-5E3D-44B3-A5FB-16A3EDEAF206}
	EndGlobalSection
EndGlobal
